
Microsoft Visual Studio Solution File, Format Version 12.00
# Visual Studio Version 17
VisualStudioVersion = 17.1.32319.34
MinimumVisualStudioVersion = 10.0.40219.1
Project("{FAE04EC0-301F-11D3-BF4B-00C04F79EFBC}") = "Client V1.0", "Client V1.0\Client V1.0.csproj", "{9BA4604B-0D57-4A69-8282-36606F87EE83}"
EndProject
Project("{54435603-DBB4-11D2-8724-00A0C9A8B90C}") = "Client Version 1.0", "Client Version 1.0\Client Version 1.0.vdproj", "{F4F267CA-C00A-4E33-B21D-2F136FF73502}"
EndProject
Global
	GlobalSection(SolutionConfigurationPlatforms) = preSolution
		Debug|Any CPU = Debug|Any CPU
		Release|Any CPU = Release|Any CPU
	EndGlobalSection
	GlobalSection(ProjectConfigurationPlatforms) = postSolution
		{9BA4604B-0D57-4A69-8282-36606F87EE83}.Debug|Any CPU.ActiveCfg = Debug|Any CPU
		{9BA4604B-0D57-4A69-8282-36606F87EE83}.Debug|Any CPU.Build.0 = Debug|Any CPU
		{9BA4604B-0D57-4A69-8282-36606F87EE83}.Release|Any CPU.ActiveCfg = Release|Any CPU
		{9BA4604B-0D57-4A69-8282-36606F87EE83}.Release|Any CPU.Build.0 = Release|Any CPU
		{F4F267CA-C00A-4E33-B21D-2F136FF73502}.Debug|Any CPU.ActiveCfg = Debug
		{F4F267CA-C00A-4E33-B21D-2F136FF73502}.Release|Any CPU.ActiveCfg = Release
	EndGlobalSection
	GlobalSection(SolutionProperties) = preSolution
		HideSolutionNode = FALSE
	EndGlobalSection
	GlobalSection(ExtensibilityGlobals) = postSolution
		SolutionGuid = {226F8D49-805A-4377-87C7-67AC4344E211}
	EndGlobalSection
EndGlobal
